
Microsoft Visual Studio Solution File, Format Version 12.00
# Visual Studio Version 17
VisualStudioVersion = 17.9.34701.34
MinimumVisualStudioVersion = 10.0.40219.1
Project("{9A19103F-16F7-4668-BE54-9A1E7A4F7556}") = "MoviesApp", "MoviesApp\MoviesApp.csproj", "{137F6340-9A96-4550-A505-AAE98D5DF51F}"
EndProject
Project("{FAE04EC0-301F-11D3-BF4B-00C04F79EFBC}") = "MoviesApp.Entities", "MoviesApp.Entities\MoviesApp.Entities.csproj", "{4D071376-BFE7-411D-AB89-4B55441F117D}"
EndProject
Global
	GlobalSection(SolutionConfigurationPlatforms) = preSolution
		Debug|Any CPU = Debug|Any CPU
		Release|Any CPU = Release|Any CPU
	EndGlobalSection
	GlobalSection(ProjectConfigurationPlatforms) = postSolution
		{137F6340-9A96-4550-A505-AAE98D5DF51F}.Debug|Any CPU.ActiveCfg = Debug|Any CPU
		{137F6340-9A96-4550-A505-AAE98D5DF51F}.Debug|Any CPU.Build.0 = Debug|Any CPU
		{137F6340-9A96-4550-A505-AAE98D5DF51F}.Release|Any CPU.ActiveCfg = Release|Any CPU
		{137F6340-9A96-4550-A505-AAE98D5DF51F}.Release|Any CPU.Build.0 = Release|Any CPU
		{4D071376-BFE7-411D-AB89-4B55441F117D}.Debug|Any CPU.ActiveCfg = Debug|Any CPU
		{4D071376-BFE7-411D-AB89-4B55441F117D}.Debug|Any CPU.Build.0 = Debug|Any CPU
		{4D071376-BFE7-411D-AB89-4B55441F117D}.Release|Any CPU.ActiveCfg = Release|Any CPU
		{4D071376-BFE7-411D-AB89-4B55441F117D}.Release|Any CPU.Build.0 = Release|Any CPU
	EndGlobalSection
	GlobalSection(SolutionProperties) = preSolution
		HideSolutionNode = FALSE
	EndGlobalSection
	GlobalSection(ExtensibilityGlobals) = postSolution
		SolutionGuid = {C3FE5991-FD12-482E-84E5-43CD3425647A}
	EndGlobalSection
EndGlobal
