
Microsoft Visual Studio Solution File, Format Version 12.00
# Visual Studio Version 17
VisualStudioVersion = 17.9.34701.34
MinimumVisualStudioVersion = 10.0.40219.1
Project("{FAE04EC0-301F-11D3-BF4B-00C04F79EFBC}") = "Howarts.App.Entities", "Howarts.App.Entities\Howarts.App.Entities.csproj", "{AAC2C2E5-9E9F-41FC-ABB3-3D8B98667862}"
EndProject
Project("{FAE04EC0-301F-11D3-BF4B-00C04F79EFBC}") = "Howarts.App.Entities.Tests", "Howarts.App.Entities.Tests\Howarts.App.Entities.Tests.csproj", "{24AD7742-24EB-49D7-B18B-EE6E767E0A55}"
EndProject
Global
	GlobalSection(SolutionConfigurationPlatforms) = preSolution
		Debug|Any CPU = Debug|Any CPU
		Release|Any CPU = Release|Any CPU
	EndGlobalSection
	GlobalSection(ProjectConfigurationPlatforms) = postSolution
		{AAC2C2E5-9E9F-41FC-ABB3-3D8B98667862}.Debug|Any CPU.ActiveCfg = Debug|Any CPU
		{AAC2C2E5-9E9F-41FC-ABB3-3D8B98667862}.Debug|Any CPU.Build.0 = Debug|Any CPU
		{AAC2C2E5-9E9F-41FC-ABB3-3D8B98667862}.Release|Any CPU.ActiveCfg = Release|Any CPU
		{AAC2C2E5-9E9F-41FC-ABB3-3D8B98667862}.Release|Any CPU.Build.0 = Release|Any CPU
		{24AD7742-24EB-49D7-B18B-EE6E767E0A55}.Debug|Any CPU.ActiveCfg = Debug|Any CPU
		{24AD7742-24EB-49D7-B18B-EE6E767E0A55}.Debug|Any CPU.Build.0 = Debug|Any CPU
		{24AD7742-24EB-49D7-B18B-EE6E767E0A55}.Release|Any CPU.ActiveCfg = Release|Any CPU
		{24AD7742-24EB-49D7-B18B-EE6E767E0A55}.Release|Any CPU.Build.0 = Release|Any CPU
	EndGlobalSection
	GlobalSection(SolutionProperties) = preSolution
		HideSolutionNode = FALSE
	EndGlobalSection
	GlobalSection(ExtensibilityGlobals) = postSolution
		SolutionGuid = {F288408C-1827-4ACA-99FB-31F6A690BD66}
	EndGlobalSection
EndGlobal
