
Microsoft Visual Studio Solution File, Format Version 12.00
# Visual Studio Version 17
VisualStudioVersion = 17.9.34701.34
MinimumVisualStudioVersion = 10.0.40219.1
Project("{FAE04EC0-301F-11D3-BF4B-00C04F79EFBC}") = "Classroom.Core.Entities", "Classroom.Core.Entities\Classroom.Core.Entities.csproj", "{A5E525BB-1FB9-46B7-84BF-792CE7F66D30}"
EndProject
Project("{FAE04EC0-301F-11D3-BF4B-00C04F79EFBC}") = "Classroom.Core.Entities.Tests", "Classroom.Core.Entities.Tests\Classroom.Core.Entities.Tests.csproj", "{5F62D080-8B8C-4409-9BCB-480692B98727}"
EndProject
Global
	GlobalSection(SolutionConfigurationPlatforms) = preSolution
		Debug|Any CPU = Debug|Any CPU
		Release|Any CPU = Release|Any CPU
	EndGlobalSection
	GlobalSection(ProjectConfigurationPlatforms) = postSolution
		{A5E525BB-1FB9-46B7-84BF-792CE7F66D30}.Debug|Any CPU.ActiveCfg = Debug|Any CPU
		{A5E525BB-1FB9-46B7-84BF-792CE7F66D30}.Debug|Any CPU.Build.0 = Debug|Any CPU
		{A5E525BB-1FB9-46B7-84BF-792CE7F66D30}.Release|Any CPU.ActiveCfg = Release|Any CPU
		{A5E525BB-1FB9-46B7-84BF-792CE7F66D30}.Release|Any CPU.Build.0 = Release|Any CPU
		{5F62D080-8B8C-4409-9BCB-480692B98727}.Debug|Any CPU.ActiveCfg = Debug|Any CPU
		{5F62D080-8B8C-4409-9BCB-480692B98727}.Debug|Any CPU.Build.0 = Debug|Any CPU
		{5F62D080-8B8C-4409-9BCB-480692B98727}.Release|Any CPU.ActiveCfg = Release|Any CPU
		{5F62D080-8B8C-4409-9BCB-480692B98727}.Release|Any CPU.Build.0 = Release|Any CPU
	EndGlobalSection
	GlobalSection(SolutionProperties) = preSolution
		HideSolutionNode = FALSE
	EndGlobalSection
	GlobalSection(ExtensibilityGlobals) = postSolution
		SolutionGuid = {B404994C-3619-4132-BE81-23DFDF06860F}
	EndGlobalSection
EndGlobal
