
Microsoft Visual Studio Solution File, Format Version 12.00
# Visual Studio Version 17
VisualStudioVersion = 17.9.34701.34
MinimumVisualStudioVersion = 10.0.40219.1
Project("{FAE04EC0-301F-11D3-BF4B-00C04F79EFBC}") = "Unit3.Core.Entities", "Unit3.Core.Entities\Unit3.Core.Entities.csproj", "{8DD9FF2F-30F0-4F21-A8DA-420B8D8571F4}"
EndProject
Project("{FAE04EC0-301F-11D3-BF4B-00C04F79EFBC}") = "Unit3.Core.Entities.Tests", "Unit3.Core.Entities.Tests\Unit3.Core.Entities.Tests.csproj", "{5CEF0556-2ED9-4934-A4B9-AEC4E9660D70}"
EndProject
Global
	GlobalSection(SolutionConfigurationPlatforms) = preSolution
		Debug|Any CPU = Debug|Any CPU
		Release|Any CPU = Release|Any CPU
	EndGlobalSection
	GlobalSection(ProjectConfigurationPlatforms) = postSolution
		{8DD9FF2F-30F0-4F21-A8DA-420B8D8571F4}.Debug|Any CPU.ActiveCfg = Debug|Any CPU
		{8DD9FF2F-30F0-4F21-A8DA-420B8D8571F4}.Debug|Any CPU.Build.0 = Debug|Any CPU
		{8DD9FF2F-30F0-4F21-A8DA-420B8D8571F4}.Release|Any CPU.ActiveCfg = Release|Any CPU
		{8DD9FF2F-30F0-4F21-A8DA-420B8D8571F4}.Release|Any CPU.Build.0 = Release|Any CPU
		{5CEF0556-2ED9-4934-A4B9-AEC4E9660D70}.Debug|Any CPU.ActiveCfg = Debug|Any CPU
		{5CEF0556-2ED9-4934-A4B9-AEC4E9660D70}.Debug|Any CPU.Build.0 = Debug|Any CPU
		{5CEF0556-2ED9-4934-A4B9-AEC4E9660D70}.Release|Any CPU.ActiveCfg = Release|Any CPU
		{5CEF0556-2ED9-4934-A4B9-AEC4E9660D70}.Release|Any CPU.Build.0 = Release|Any CPU
	EndGlobalSection
	GlobalSection(SolutionProperties) = preSolution
		HideSolutionNode = FALSE
	EndGlobalSection
	GlobalSection(ExtensibilityGlobals) = postSolution
		SolutionGuid = {2506E03F-F975-463A-AABB-DB49F4A3AA2F}
	EndGlobalSection
EndGlobal
