
Microsoft Visual Studio Solution File, Format Version 12.00
# Visual Studio Version 17
VisualStudioVersion = 17.9.34701.34
MinimumVisualStudioVersion = 10.0.40219.1
Project("{FAE04EC0-301F-11D3-BF4B-00C04F79EFBC}") = "TestPersona", "TestPersona\TestPersona.csproj", "{EFAA9103-B390-4ABD-BDA9-1A3FA3D47BD1}"
EndProject
Project("{FAE04EC0-301F-11D3-BF4B-00C04F79EFBC}") = "TestPersona.Entities", "..\TestPersona.Entities\TestPersona.Entities.csproj", "{6460DEB1-724E-4217-B1A8-AA49E8F6D1BB}"
EndProject
Global
	GlobalSection(SolutionConfigurationPlatforms) = preSolution
		Debug|Any CPU = Debug|Any CPU
		Release|Any CPU = Release|Any CPU
	EndGlobalSection
	GlobalSection(ProjectConfigurationPlatforms) = postSolution
		{EFAA9103-B390-4ABD-BDA9-1A3FA3D47BD1}.Debug|Any CPU.ActiveCfg = Debug|Any CPU
		{EFAA9103-B390-4ABD-BDA9-1A3FA3D47BD1}.Debug|Any CPU.Build.0 = Debug|Any CPU
		{EFAA9103-B390-4ABD-BDA9-1A3FA3D47BD1}.Release|Any CPU.ActiveCfg = Release|Any CPU
		{EFAA9103-B390-4ABD-BDA9-1A3FA3D47BD1}.Release|Any CPU.Build.0 = Release|Any CPU
		{6460DEB1-724E-4217-B1A8-AA49E8F6D1BB}.Debug|Any CPU.ActiveCfg = Debug|Any CPU
		{6460DEB1-724E-4217-B1A8-AA49E8F6D1BB}.Debug|Any CPU.Build.0 = Debug|Any CPU
		{6460DEB1-724E-4217-B1A8-AA49E8F6D1BB}.Release|Any CPU.ActiveCfg = Release|Any CPU
		{6460DEB1-724E-4217-B1A8-AA49E8F6D1BB}.Release|Any CPU.Build.0 = Release|Any CPU
	EndGlobalSection
	GlobalSection(SolutionProperties) = preSolution
		HideSolutionNode = FALSE
	EndGlobalSection
	GlobalSection(ExtensibilityGlobals) = postSolution
		SolutionGuid = {F662EA19-F4F3-4E24-BEBB-816E8C65E6AD}
	EndGlobalSection
EndGlobal
